{
  "version": 4,
  "terraform_version": "1.11.3",
  "serial": 24,
  "lineage": "9bbe844c-e1a5-2f58-f67c-5715d72c77d7",
  "outputs": {
    "ec2_public_ip": {
      "value": "3.208.73.203",
      "type": "string"
    }
  },
  "resources": [
    {
      "mode": "managed",
      "type": "aws_db_instance",
      "name": "myrds",
      "provider": "provider[\"registry.terraform.io/hashicorp/aws\"]",
      "instances": [
        {
          "schema_version": 2,
          "attributes": {
            "address": "islammyrds.cyh6c442myne.us-east-1.rds.amazonaws.com",
            "allocated_storage": 20,
            "allow_major_version_upgrade": null,
            "apply_immediately": false,
            "arn": "arn:aws:rds:us-east-1:337909736881:db:islammyrds",
            "auto_minor_version_upgrade": true,
            "availability_zone": "us-east-1b",
            "backup_retention_period": 0,
            "backup_target": "region",
            "backup_window": "03:55-04:25",
            "blue_green_update": [],
            "ca_cert_identifier": "rds-ca-rsa2048-g1",
            "character_set_name": "",
            "copy_tags_to_snapshot": false,
            "custom_iam_instance_profile": "",
            "customer_owned_ip_enabled": false,
            "db_name": "",
            "db_subnet_group_name": "myrds-subnet-group",
            "delete_automated_backups": true,
            "deletion_protection": false,
            "domain": "",
            "domain_auth_secret_arn": "",
            "domain_dns_ips": null,
            "domain_fqdn": "",
            "domain_iam_role_name": "",
            "domain_ou": "",
            "enabled_cloudwatch_logs_exports": null,
            "endpoint": "islammyrds.cyh6c442myne.us-east-1.rds.amazonaws.com:3306",
            "engine": "mysql",
            "engine_version": "5.7",
            "engine_version_actual": "5.7.44-rds.20250213",
            "final_snapshot_identifier": null,
            "hosted_zone_id": "Z2R2ITUGPM61AM",
            "iam_database_authentication_enabled": false,
            "id": "db-KKPKJAROH3F6XDUDB7O3AC3A7E",
            "identifier": "islammyrds",
            "identifier_prefix": "",
            "instance_class": "db.t3.micro",
            "iops": 0,
            "kms_key_id": "",
            "latest_restorable_time": "",
            "license_model": "general-public-license",
            "listener_endpoint": [],
            "maintenance_window": "tue:08:05-tue:08:35",
            "manage_master_user_password": null,
            "master_user_secret": [],
            "master_user_secret_kms_key_id": null,
            "max_allocated_storage": 0,
            "monitoring_interval": 0,
            "monitoring_role_arn": "",
            "multi_az": false,
            "nchar_character_set_name": "",
            "network_type": "IPV4",
            "option_group_name": "default:mysql-5-7",
            "parameter_group_name": "default.mysql5.7",
            "password": "Str0ngPass!word",
            "performance_insights_enabled": false,
            "performance_insights_kms_key_id": "",
            "performance_insights_retention_period": 0,
            "port": 3306,
            "publicly_accessible": false,
            "replica_mode": "",
            "replicas": [],
            "replicate_source_db": "",
            "resource_id": "db-KKPKJAROH3F6XDUDB7O3AC3A7E",
            "restore_to_point_in_time": [],
            "s3_import": [],
            "skip_final_snapshot": true,
            "snapshot_identifier": null,
            "status": "available",
            "storage_encrypted": false,
            "storage_throughput": 0,
            "storage_type": "gp2",
            "tags": null,
            "tags_all": {},
            "timeouts": null,
            "timezone": "",
            "username": "root",
            "vpc_security_group_ids": [
              "sg-04fc122a4909f1e02"
            ]
          },
          "sensitive_attributes": [
            [
              {
                "type": "get_attr",
                "value": "password"
              }
            ]
          ],
          "private": "eyJlMmJmYjczMC1lY2FhLTExZTYtOGY4OC0zNDM2M2JjN2M0YzAiOnsiY3JlYXRlIjoyNDAwMDAwMDAwMDAwLCJkZWxldGUiOjM2MDAwMDAwMDAwMDAsInVwZGF0ZSI6NDgwMDAwMDAwMDAwMH0sInNjaGVtYV92ZXJzaW9uIjoiMiJ9",
          "dependencies": [
            "aws_db_subnet_group.myrds_subnet_group",
            "aws_security_group.rds-sg",
            "aws_subnet.private_subnet",
            "aws_subnet.public_subnet",
            "aws_vpc.myvpc"
          ]
        }
      ]
    },
    {
      "mode": "managed",
      "type": "aws_db_subnet_group",
      "name": "myrds_subnet_group",
      "provider": "provider[\"registry.terraform.io/hashicorp/aws\"]",
      "instances": [
        {
          "schema_version": 0,
          "attributes": {
            "arn": "arn:aws:rds:us-east-1:337909736881:subgrp:myrds-subnet-group",
            "description": "Managed by Terraform",
            "id": "myrds-subnet-group",
            "name": "myrds-subnet-group",
            "name_prefix": "",
            "subnet_ids": [
              "subnet-035beddaa116dd898",
              "subnet-0e5075a1efa5e989d"
            ],
            "supported_network_types": [
              "IPV4"
            ],
            "tags": {
              "Name": "My RDS Subnet Group"
            },
            "tags_all": {
              "Name": "My RDS Subnet Group"
            },
            "vpc_id": "vpc-000a534ea73392b93"
          },
          "sensitive_attributes": [],
          "private": "bnVsbA==",
          "dependencies": [
            "aws_subnet.private_subnet",
            "aws_subnet.public_subnet",
            "aws_vpc.myvpc"
          ]
        }
      ]
    },
    {
      "mode": "managed",
      "type": "aws_eip",
      "name": "nat_eip",
      "provider": "provider[\"registry.terraform.io/hashicorp/aws\"]",
      "instances": [
        {
          "schema_version": 0,
          "attributes": {
            "address": null,
            "allocation_id": "eipalloc-02dc290baaa4a9eed",
            "associate_with_private_ip": null,
            "association_id": "",
            "carrier_ip": "",
            "customer_owned_ip": "",
            "customer_owned_ipv4_pool": "",
            "domain": "vpc",
            "id": "eipalloc-02dc290baaa4a9eed",
            "instance": "",
            "network_border_group": "us-east-1",
            "network_interface": "",
            "private_dns": null,
            "private_ip": "",
            "public_dns": "ec2-13-219-38-129.compute-1.amazonaws.com",
            "public_ip": "13.219.38.129",
            "public_ipv4_pool": "amazon",
            "tags": null,
            "tags_all": {},
            "timeouts": null,
            "vpc": true
          },
          "sensitive_attributes": [],
          "private": "eyJlMmJmYjczMC1lY2FhLTExZTYtOGY4OC0zNDM2M2JjN2M0YzAiOnsiZGVsZXRlIjoxODAwMDAwMDAwMDAsInJlYWQiOjkwMDAwMDAwMDAwMCwidXBkYXRlIjozMDAwMDAwMDAwMDB9fQ=="
        }
      ]
    },
    {
      "mode": "managed",
      "type": "aws_instance",
      "name": "web",
      "provider": "provider[\"registry.terraform.io/hashicorp/aws\"]",
      "instances": [
        {
          "schema_version": 1,
          "attributes": {
            "ami": "ami-0e449927258d45bc4",
            "arn": "arn:aws:ec2:us-east-1:337909736881:instance/i-080a106a9f7620d9a",
            "associate_public_ip_address": true,
            "availability_zone": "us-east-1a",
            "capacity_reservation_specification": [
              {
                "capacity_reservation_preference": "open",
                "capacity_reservation_target": []
              }
            ],
            "cpu_core_count": 1,
            "cpu_options": [
              {
                "amd_sev_snp": "",
                "core_count": 1,
                "threads_per_core": 1
              }
            ],
            "cpu_threads_per_core": 1,
            "credit_specification": [
              {
                "cpu_credits": "standard"
              }
            ],
            "disable_api_stop": false,
            "disable_api_termination": false,
            "ebs_block_device": [],
            "ebs_optimized": false,
            "enclave_options": [
              {
                "enabled": false
              }
            ],
            "ephemeral_block_device": [],
            "get_password_data": false,
            "hibernation": false,
            "host_id": "",
            "host_resource_group_arn": null,
            "iam_instance_profile": "",
            "id": "i-080a106a9f7620d9a",
            "instance_initiated_shutdown_behavior": "stop",
            "instance_lifecycle": "",
            "instance_market_options": [],
            "instance_state": "running",
            "instance_type": "t2.micro",
            "ipv6_address_count": 0,
            "ipv6_addresses": [],
            "key_name": "terraform-key",
            "launch_template": [],
            "maintenance_options": [
              {
                "auto_recovery": "default"
              }
            ],
            "metadata_options": [
              {
                "http_endpoint": "enabled",
                "http_protocol_ipv6": "disabled",
                "http_put_response_hop_limit": 2,
                "http_tokens": "required",
                "instance_metadata_tags": "disabled"
              }
            ],
            "monitoring": false,
            "network_interface": [],
            "outpost_arn": "",
            "password_data": "",
            "placement_group": "",
            "placement_partition_number": 0,
            "primary_network_interface_id": "eni-0f112caaa38cbb0e7",
            "private_dns": "ip-10-0-0-45.ec2.internal",
            "private_dns_name_options": [
              {
                "enable_resource_name_dns_a_record": false,
                "enable_resource_name_dns_aaaa_record": false,
                "hostname_type": "ip-name"
              }
            ],
            "private_ip": "10.0.0.45",
            "public_dns": "",
            "public_ip": "3.208.73.203",
            "root_block_device": [
              {
                "delete_on_termination": true,
                "device_name": "/dev/xvda",
                "encrypted": false,
                "iops": 3000,
                "kms_key_id": "",
                "tags": {},
                "throughput": 125,
                "volume_id": "vol-08b486769b4ede08f",
                "volume_size": 8,
                "volume_type": "gp3"
              }
            ],
            "secondary_private_ips": [],
            "security_groups": [],
            "source_dest_check": true,
            "spot_instance_request_id": "",
            "subnet_id": "subnet-035beddaa116dd898",
            "tags": null,
            "tags_all": {},
            "tenancy": "default",
            "timeouts": null,
            "user_data": null,
            "user_data_base64": null,
            "user_data_replace_on_change": false,
            "volume_tags": null,
            "vpc_security_group_ids": [
              "sg-0354afd9ce4abd785"
            ]
          },
          "sensitive_attributes": [],
          "private": "eyJlMmJmYjczMC1lY2FhLTExZTYtOGY4OC0zNDM2M2JjN2M0YzAiOnsiY3JlYXRlIjo2MDAwMDAwMDAwMDAsImRlbGV0ZSI6MTIwMDAwMDAwMDAwMCwidXBkYXRlIjo2MDAwMDAwMDAwMDB9LCJzY2hlbWFfdmVyc2lvbiI6IjEifQ==",
          "dependencies": [
            "aws_db_instance.myrds",
            "aws_db_subnet_group.myrds_subnet_group",
            "aws_key_pair.deployer",
            "aws_security_group.rds-sg",
            "aws_security_group.web-sg",
            "aws_subnet.private_subnet",
            "aws_subnet.public_subnet",
            "aws_vpc.myvpc",
            "tls_private_key.example"
          ]
        }
      ]
    },
    {
      "mode": "managed",
      "type": "aws_internet_gateway",
      "name": "igw",
      "provider": "provider[\"registry.terraform.io/hashicorp/aws\"]",
      "instances": [
        {
          "schema_version": 0,
          "attributes": {
            "arn": "arn:aws:ec2:us-east-1:337909736881:internet-gateway/igw-09b360d349b9e8bd0",
            "id": "igw-09b360d349b9e8bd0",
            "owner_id": "337909736881",
            "tags": {
              "Name": "igw"
            },
            "tags_all": {
              "Name": "igw"
            },
            "timeouts": null,
            "vpc_id": "vpc-000a534ea73392b93"
          },
          "sensitive_attributes": [],
          "private": "eyJlMmJmYjczMC1lY2FhLTExZTYtOGY4OC0zNDM2M2JjN2M0YzAiOnsiY3JlYXRlIjoxMjAwMDAwMDAwMDAwLCJkZWxldGUiOjEyMDAwMDAwMDAwMDAsInVwZGF0ZSI6MTIwMDAwMDAwMDAwMH19",
          "dependencies": [
            "aws_vpc.myvpc"
          ]
        }
      ]
    },
    {
      "mode": "managed",
      "type": "aws_key_pair",
      "name": "deployer",
      "provider": "provider[\"registry.terraform.io/hashicorp/aws\"]",
      "instances": [
        {
          "schema_version": 1,
          "attributes": {
            "arn": "arn:aws:ec2:us-east-1:337909736881:key-pair/terraform-key",
            "fingerprint": "01:d2:f4:4e:bb:7d:9b:71:af:3c:12:50:6d:ae:6e:ec",
            "id": "terraform-key",
            "key_name": "terraform-key",
            "key_name_prefix": "",
            "key_pair_id": "key-042ef40d5fe74d3a2",
            "key_type": "rsa",
            "public_key": "ssh-rsa AAAAB3NzaC1yc2EAAAADAQABAAACAQCsbwZNH579uhzt2vjC4RKFZ4YlV7lQwU1BXhOpuiAZ2Dfb54Vk8NdRn15W3RXzEzViLMVAy2dHAwpLvo88qjo86U+eOXqR4Pqt+vgis6f7i6T83BHO1K46ES2kBrTx0Jzm+u4EIuhSo8nD369Zbf7dUTlT07edklOZeC9T2ULTsOrMBNsQerKk0sowL09Uj0QiMeN0k9l5DMLy5M/u3ubWTFrYyWAn18CBpnIg25e4i82GKMnMwKl/pJXdzMY5u6kOx/CwW2XrLRwv6wwfOBJE7QVbq90RgqDPpq7FytOaqP5gNWEnqOLmQ3Gy3+PQfKCi5xjQDHsX2fiOXVb2cN0lKy7QErFzoSV6YH+sdhDASsXmoyohTM58dKe+S1KEuuLrkEVvHhDF40MBrx7+Q3IZxKcoqyD4j8yx1z0oK9oSNqjjCABf79y0veZuyVB+kokGLJeN08mPuA6lPA10bn7CySg9kcuXmC4oX9PSDBRBx+Gl/o319BvHEjaI2kJXNzQza5bPLiU9awoxTMQgH1FkMb6vLf9qer6Yr13PNQHIvnC1GiVhEJA0lzvAQ7uKncRuhhVQANnr7WFKWmP9hEHcc4pKcG41sTViLBz3Jy4uGBuWNeyKDIpcutjrsJQG/HA0PmC1t7q7gdf65jPdQ4t3NUiJ4adxIR1NN0hkjr4u/w==",
            "tags": null,
            "tags_all": {}
          },
          "sensitive_attributes": [],
          "private": "eyJzY2hlbWFfdmVyc2lvbiI6IjEifQ==",
          "dependencies": [
            "tls_private_key.example"
          ]
        }
      ]
    },
    {
      "mode": "managed",
      "type": "aws_nat_gateway",
      "name": "ngw",
      "provider": "provider[\"registry.terraform.io/hashicorp/aws\"]",
      "instances": [
        {
          "schema_version": 0,
          "attributes": {
            "allocation_id": "eipalloc-02dc290baaa4a9eed",
            "association_id": "eipassoc-02b3e509a42a540a0",
            "connectivity_type": "public",
            "id": "nat-062b95f3816b7fb77",
            "network_interface_id": "eni-0a3bc01c73c7c5c00",
            "private_ip": "10.0.0.48",
            "public_ip": "13.219.38.129",
            "secondary_allocation_ids": null,
            "secondary_private_ip_address_count": 0,
            "secondary_private_ip_addresses": [],
            "subnet_id": "subnet-035beddaa116dd898",
            "tags": null,
            "tags_all": {},
            "timeouts": null
          },
          "sensitive_attributes": [],
          "private": "eyJlMmJmYjczMC1lY2FhLTExZTYtOGY4OC0zNDM2M2JjN2M0YzAiOnsiY3JlYXRlIjo2MDAwMDAwMDAwMDAsImRlbGV0ZSI6MTgwMDAwMDAwMDAwMCwidXBkYXRlIjo2MDAwMDAwMDAwMDB9fQ==",
          "dependencies": [
            "aws_eip.nat_eip",
            "aws_subnet.public_subnet",
            "aws_vpc.myvpc"
          ]
        }
      ]
    },
    {
      "mode": "managed",
      "type": "aws_route_table",
      "name": "private_route_table",
      "provider": "provider[\"registry.terraform.io/hashicorp/aws\"]",
      "instances": [
        {
          "schema_version": 0,
          "attributes": {
            "arn": "arn:aws:ec2:us-east-1:337909736881:route-table/rtb-0ad473d886cee637e",
            "id": "rtb-0ad473d886cee637e",
            "owner_id": "337909736881",
            "propagating_vgws": [],
            "route": [
              {
                "carrier_gateway_id": "",
                "cidr_block": "0.0.0.0/0",
                "core_network_arn": "",
                "destination_prefix_list_id": "",
                "egress_only_gateway_id": "",
                "gateway_id": "nat-062b95f3816b7fb77",
                "ipv6_cidr_block": "",
                "local_gateway_id": "",
                "nat_gateway_id": "",
                "network_interface_id": "",
                "transit_gateway_id": "",
                "vpc_endpoint_id": "",
                "vpc_peering_connection_id": ""
              }
            ],
            "tags": {
              "Name": "private-route-table"
            },
            "tags_all": {
              "Name": "private-route-table"
            },
            "timeouts": null,
            "vpc_id": "vpc-000a534ea73392b93"
          },
          "sensitive_attributes": [],
          "private": "eyJlMmJmYjczMC1lY2FhLTExZTYtOGY4OC0zNDM2M2JjN2M0YzAiOnsiY3JlYXRlIjozMDAwMDAwMDAwMDAsImRlbGV0ZSI6MzAwMDAwMDAwMDAwLCJ1cGRhdGUiOjEyMDAwMDAwMDAwMH19",
          "dependencies": [
            "aws_eip.nat_eip",
            "aws_nat_gateway.ngw",
            "aws_subnet.public_subnet",
            "aws_vpc.myvpc"
          ]
        }
      ]
    },
    {
      "mode": "managed",
      "type": "aws_route_table",
      "name": "public_route_table",
      "provider": "provider[\"registry.terraform.io/hashicorp/aws\"]",
      "instances": [
        {
          "schema_version": 0,
          "attributes": {
            "arn": "arn:aws:ec2:us-east-1:337909736881:route-table/rtb-0d36bac299f252516",
            "id": "rtb-0d36bac299f252516",
            "owner_id": "337909736881",
            "propagating_vgws": [],
            "route": [
              {
                "carrier_gateway_id": "",
                "cidr_block": "0.0.0.0/0",
                "core_network_arn": "",
                "destination_prefix_list_id": "",
                "egress_only_gateway_id": "",
                "gateway_id": "igw-09b360d349b9e8bd0",
                "ipv6_cidr_block": "",
                "local_gateway_id": "",
                "nat_gateway_id": "",
                "network_interface_id": "",
                "transit_gateway_id": "",
                "vpc_endpoint_id": "",
                "vpc_peering_connection_id": ""
              }
            ],
            "tags": {
              "Name": "public-route-table"
            },
            "tags_all": {
              "Name": "public-route-table"
            },
            "timeouts": null,
            "vpc_id": "vpc-000a534ea73392b93"
          },
          "sensitive_attributes": [],
          "private": "eyJlMmJmYjczMC1lY2FhLTExZTYtOGY4OC0zNDM2M2JjN2M0YzAiOnsiY3JlYXRlIjozMDAwMDAwMDAwMDAsImRlbGV0ZSI6MzAwMDAwMDAwMDAwLCJ1cGRhdGUiOjEyMDAwMDAwMDAwMH19",
          "dependencies": [
            "aws_internet_gateway.igw",
            "aws_vpc.myvpc"
          ]
        }
      ]
    },
    {
      "mode": "managed",
      "type": "aws_route_table_association",
      "name": "private-and-route",
      "provider": "provider[\"registry.terraform.io/hashicorp/aws\"]",
      "instances": [
        {
          "schema_version": 0,
          "attributes": {
            "gateway_id": "",
            "id": "rtbassoc-08fc2ee3e69b26e64",
            "route_table_id": "rtb-0ad473d886cee637e",
            "subnet_id": "subnet-0e5075a1efa5e989d",
            "timeouts": null
          },
          "sensitive_attributes": [],
          "private": "eyJlMmJmYjczMC1lY2FhLTExZTYtOGY4OC0zNDM2M2JjN2M0YzAiOnsiY3JlYXRlIjozMDAwMDAwMDAwMDAsImRlbGV0ZSI6MzAwMDAwMDAwMDAwLCJ1cGRhdGUiOjEyMDAwMDAwMDAwMH19",
          "dependencies": [
            "aws_eip.nat_eip",
            "aws_nat_gateway.ngw",
            "aws_route_table.private_route_table",
            "aws_subnet.private_subnet",
            "aws_subnet.public_subnet",
            "aws_vpc.myvpc"
          ]
        }
      ]
    },
    {
      "mode": "managed",
      "type": "aws_route_table_association",
      "name": "public-and-route",
      "provider": "provider[\"registry.terraform.io/hashicorp/aws\"]",
      "instances": [
        {
          "schema_version": 0,
          "attributes": {
            "gateway_id": "",
            "id": "rtbassoc-04f32c4a7830149da",
            "route_table_id": "rtb-0d36bac299f252516",
            "subnet_id": "subnet-035beddaa116dd898",
            "timeouts": null
          },
          "sensitive_attributes": [],
          "private": "eyJlMmJmYjczMC1lY2FhLTExZTYtOGY4OC0zNDM2M2JjN2M0YzAiOnsiY3JlYXRlIjozMDAwMDAwMDAwMDAsImRlbGV0ZSI6MzAwMDAwMDAwMDAwLCJ1cGRhdGUiOjEyMDAwMDAwMDAwMH19",
          "dependencies": [
            "aws_internet_gateway.igw",
            "aws_route_table.public_route_table",
            "aws_subnet.public_subnet",
            "aws_vpc.myvpc"
          ]
        }
      ]
    },
    {
      "mode": "managed",
      "type": "aws_s3_bucket",
      "name": "s3_backend",
      "provider": "provider[\"registry.terraform.io/hashicorp/aws\"]",
      "instances": [
        {
          "schema_version": 0,
          "attributes": {
            "acceleration_status": "",
            "acl": null,
            "arn": "arn:aws:s3:::s3-bucket-t000-backend",
            "bucket": "s3-bucket-t000-backend",
            "bucket_domain_name": "s3-bucket-t000-backend.s3.amazonaws.com",
            "bucket_prefix": "",
            "bucket_regional_domain_name": "s3-bucket-t000-backend.s3.us-east-1.amazonaws.com",
            "cors_rule": [],
            "force_destroy": false,
            "grant": [
              {
                "id": "ca87787571b53e6731de653fcd62cc6c468b15c8cfa34cf4c223bd7927f13af7",
                "permissions": [
                  "FULL_CONTROL"
                ],
                "type": "CanonicalUser",
                "uri": ""
              }
            ],
            "hosted_zone_id": "Z3AQBSTGFYJSTF",
            "id": "s3-bucket-t000-backend",
            "lifecycle_rule": [],
            "logging": [],
            "object_lock_configuration": [],
            "object_lock_enabled": false,
            "policy": "",
            "region": "us-east-1",
            "replication_configuration": [],
            "request_payer": "BucketOwner",
            "server_side_encryption_configuration": [
              {
                "rule": [
                  {
                    "apply_server_side_encryption_by_default": [
                      {
                        "kms_master_key_id": "",
                        "sse_algorithm": "AES256"
                      }
                    ],
                    "bucket_key_enabled": false
                  }
                ]
              }
            ],
            "tags": {
              "Environment": "Dev",
              "Name": "My bucket"
            },
            "tags_all": {
              "Environment": "Dev",
              "Name": "My bucket"
            },
            "timeouts": null,
            "versioning": [
              {
                "enabled": false,
                "mfa_delete": false
              }
            ],
            "website": [],
            "website_domain": null,
            "website_endpoint": null
          },
          "sensitive_attributes": [],
          "private": "eyJlMmJmYjczMC1lY2FhLTExZTYtOGY4OC0zNDM2M2JjN2M0YzAiOnsiY3JlYXRlIjoxMjAwMDAwMDAwMDAwLCJkZWxldGUiOjM2MDAwMDAwMDAwMDAsInJlYWQiOjEyMDAwMDAwMDAwMDAsInVwZGF0ZSI6MTIwMDAwMDAwMDAwMH19"
        }
      ]
    },
    {
      "mode": "managed",
      "type": "aws_security_group",
      "name": "rds-sg",
      "provider": "provider[\"registry.terraform.io/hashicorp/aws\"]",
      "instances": [
        {
          "schema_version": 1,
          "attributes": {
            "arn": "arn:aws:ec2:us-east-1:337909736881:security-group/sg-04fc122a4909f1e02",
            "description": "SG for RDS",
            "egress": [],
            "id": "sg-04fc122a4909f1e02",
            "ingress": [],
            "name": "rds sg",
            "name_prefix": "",
            "owner_id": "337909736881",
            "revoke_rules_on_delete": false,
            "tags": null,
            "tags_all": {},
            "timeouts": null,
            "vpc_id": "vpc-000a534ea73392b93"
          },
          "sensitive_attributes": [],
          "private": "eyJlMmJmYjczMC1lY2FhLTExZTYtOGY4OC0zNDM2M2JjN2M0YzAiOnsiY3JlYXRlIjo2MDAwMDAwMDAwMDAsImRlbGV0ZSI6OTAwMDAwMDAwMDAwfSwic2NoZW1hX3ZlcnNpb24iOiIxIn0=",
          "dependencies": [
            "aws_vpc.myvpc"
          ]
        }
      ]
    },
    {
      "mode": "managed",
      "type": "aws_security_group",
      "name": "web-sg",
      "provider": "provider[\"registry.terraform.io/hashicorp/aws\"]",
      "instances": [
        {
          "schema_version": 1,
          "attributes": {
            "arn": "arn:aws:ec2:us-east-1:337909736881:security-group/sg-0354afd9ce4abd785",
            "description": "SG for Web Server",
            "egress": [],
            "id": "sg-0354afd9ce4abd785",
            "ingress": [],
            "name": "web sg",
            "name_prefix": "",
            "owner_id": "337909736881",
            "revoke_rules_on_delete": false,
            "tags": null,
            "tags_all": {},
            "timeouts": null,
            "vpc_id": "vpc-000a534ea73392b93"
          },
          "sensitive_attributes": [],
          "private": "eyJlMmJmYjczMC1lY2FhLTExZTYtOGY4OC0zNDM2M2JjN2M0YzAiOnsiY3JlYXRlIjo2MDAwMDAwMDAwMDAsImRlbGV0ZSI6OTAwMDAwMDAwMDAwfSwic2NoZW1hX3ZlcnNpb24iOiIxIn0=",
          "dependencies": [
            "aws_vpc.myvpc"
          ]
        }
      ]
    },
    {
      "mode": "managed",
      "type": "aws_security_group_rule",
      "name": "rds_from_web",
      "provider": "provider[\"registry.terraform.io/hashicorp/aws\"]",
      "instances": [
        {
          "schema_version": 2,
          "attributes": {
            "cidr_blocks": null,
            "description": null,
            "from_port": 3306,
            "id": "sgrule-1929169772",
            "ipv6_cidr_blocks": null,
            "prefix_list_ids": null,
            "protocol": "tcp",
            "security_group_id": "sg-04fc122a4909f1e02",
            "security_group_rule_id": "sgr-0630672cd2db46285",
            "self": false,
            "source_security_group_id": "sg-0354afd9ce4abd785",
            "timeouts": null,
            "to_port": 3306,
            "type": "ingress"
          },
          "sensitive_attributes": [],
          "private": "eyJlMmJmYjczMC1lY2FhLTExZTYtOGY4OC0zNDM2M2JjN2M0YzAiOnsiY3JlYXRlIjozMDAwMDAwMDAwMDB9LCJzY2hlbWFfdmVyc2lvbiI6IjIifQ==",
          "dependencies": [
            "aws_security_group.rds-sg",
            "aws_security_group.web-sg",
            "aws_vpc.myvpc"
          ]
        }
      ]
    },
    {
      "mode": "managed",
      "type": "aws_subnet",
      "name": "private_subnet",
      "provider": "provider[\"registry.terraform.io/hashicorp/aws\"]",
      "instances": [
        {
          "schema_version": 1,
          "attributes": {
            "arn": "arn:aws:ec2:us-east-1:337909736881:subnet/subnet-0e5075a1efa5e989d",
            "assign_ipv6_address_on_creation": false,
            "availability_zone": "us-east-1b",
            "availability_zone_id": "use1-az2",
            "cidr_block": "10.0.1.0/24",
            "customer_owned_ipv4_pool": "",
            "enable_dns64": false,
            "enable_lni_at_device_index": 0,
            "enable_resource_name_dns_a_record_on_launch": false,
            "enable_resource_name_dns_aaaa_record_on_launch": false,
            "id": "subnet-0e5075a1efa5e989d",
            "ipv6_cidr_block": "",
            "ipv6_cidr_block_association_id": "",
            "ipv6_native": false,
            "map_customer_owned_ip_on_launch": false,
            "map_public_ip_on_launch": false,
            "outpost_arn": "",
            "owner_id": "337909736881",
            "private_dns_hostname_type_on_launch": "ip-name",
            "tags": {
              "Name": "private-subnet"
            },
            "tags_all": {
              "Name": "private-subnet"
            },
            "timeouts": null,
            "vpc_id": "vpc-000a534ea73392b93"
          },
          "sensitive_attributes": [],
          "private": "eyJlMmJmYjczMC1lY2FhLTExZTYtOGY4OC0zNDM2M2JjN2M0YzAiOnsiY3JlYXRlIjo2MDAwMDAwMDAwMDAsImRlbGV0ZSI6MTIwMDAwMDAwMDAwMH0sInNjaGVtYV92ZXJzaW9uIjoiMSJ9",
          "dependencies": [
            "aws_vpc.myvpc"
          ]
        }
      ]
    },
    {
      "mode": "managed",
      "type": "aws_subnet",
      "name": "public_subnet",
      "provider": "provider[\"registry.terraform.io/hashicorp/aws\"]",
      "instances": [
        {
          "schema_version": 1,
          "attributes": {
            "arn": "arn:aws:ec2:us-east-1:337909736881:subnet/subnet-035beddaa116dd898",
            "assign_ipv6_address_on_creation": false,
            "availability_zone": "us-east-1a",
            "availability_zone_id": "use1-az1",
            "cidr_block": "10.0.0.0/24",
            "customer_owned_ipv4_pool": "",
            "enable_dns64": false,
            "enable_lni_at_device_index": 0,
            "enable_resource_name_dns_a_record_on_launch": false,
            "enable_resource_name_dns_aaaa_record_on_launch": false,
            "id": "subnet-035beddaa116dd898",
            "ipv6_cidr_block": "",
            "ipv6_cidr_block_association_id": "",
            "ipv6_native": false,
            "map_customer_owned_ip_on_launch": false,
            "map_public_ip_on_launch": false,
            "outpost_arn": "",
            "owner_id": "337909736881",
            "private_dns_hostname_type_on_launch": "ip-name",
            "tags": {
              "Name": "public-subnet"
            },
            "tags_all": {
              "Name": "public-subnet"
            },
            "timeouts": null,
            "vpc_id": "vpc-000a534ea73392b93"
          },
          "sensitive_attributes": [],
          "private": "eyJlMmJmYjczMC1lY2FhLTExZTYtOGY4OC0zNDM2M2JjN2M0YzAiOnsiY3JlYXRlIjo2MDAwMDAwMDAwMDAsImRlbGV0ZSI6MTIwMDAwMDAwMDAwMH0sInNjaGVtYV92ZXJzaW9uIjoiMSJ9",
          "dependencies": [
            "aws_vpc.myvpc"
          ]
        }
      ]
    },
    {
      "mode": "managed",
      "type": "aws_vpc",
      "name": "myvpc",
      "provider": "provider[\"registry.terraform.io/hashicorp/aws\"]",
      "instances": [
        {
          "schema_version": 1,
          "attributes": {
            "arn": "arn:aws:ec2:us-east-1:337909736881:vpc/vpc-000a534ea73392b93",
            "assign_generated_ipv6_cidr_block": false,
            "cidr_block": "10.0.0.0/16",
            "default_network_acl_id": "acl-039f8062e2a375ea4",
            "default_route_table_id": "rtb-0b693cbed1b0b61d9",
            "default_security_group_id": "sg-0cd7fb15d0ee0a62c",
            "dhcp_options_id": "dopt-0d0d60b9b470e2d43",
            "enable_dns_hostnames": false,
            "enable_dns_support": true,
            "enable_network_address_usage_metrics": false,
            "id": "vpc-000a534ea73392b93",
            "instance_tenancy": "default",
            "ipv4_ipam_pool_id": null,
            "ipv4_netmask_length": null,
            "ipv6_association_id": "",
            "ipv6_cidr_block": "",
            "ipv6_cidr_block_network_border_group": "",
            "ipv6_ipam_pool_id": "",
            "ipv6_netmask_length": 0,
            "main_route_table_id": "rtb-0b693cbed1b0b61d9",
            "owner_id": "337909736881",
            "tags": {
              "Name": "myvpc"
            },
            "tags_all": {
              "Name": "myvpc"
            }
          },
          "sensitive_attributes": [],
          "private": "eyJzY2hlbWFfdmVyc2lvbiI6IjEifQ=="
        }
      ]
    },
    {
      "mode": "managed",
      "type": "aws_vpc_security_group_egress_rule",
      "name": "allow_all_traffic_ipv4",
      "provider": "provider[\"registry.terraform.io/hashicorp/aws\"]",
      "instances": [
        {
          "schema_version": 0,
          "attributes": {
            "arn": "arn:aws:ec2:us-east-1:337909736881:security-group-rule/sgr-08d7537fbd7520e9c",
            "cidr_ipv4": "0.0.0.0/0",
            "cidr_ipv6": null,
            "description": null,
            "from_port": null,
            "id": "sgr-08d7537fbd7520e9c",
            "ip_protocol": "-1",
            "prefix_list_id": null,
            "referenced_security_group_id": null,
            "security_group_id": "sg-0354afd9ce4abd785",
            "security_group_rule_id": "sgr-08d7537fbd7520e9c",
            "tags": null,
            "tags_all": {},
            "to_port": null
          },
          "sensitive_attributes": [],
          "dependencies": [
            "aws_security_group.web-sg",
            "aws_vpc.myvpc"
          ]
        }
      ]
    },
    {
      "mode": "managed",
      "type": "aws_vpc_security_group_ingress_rule",
      "name": "allow_nodejs",
      "provider": "provider[\"registry.terraform.io/hashicorp/aws\"]",
      "instances": [
        {
          "schema_version": 0,
          "attributes": {
            "arn": "arn:aws:ec2:us-east-1:337909736881:security-group-rule/sgr-02c56eadbe22ee4e7",
            "cidr_ipv4": "0.0.0.0/0",
            "cidr_ipv6": null,
            "description": null,
            "from_port": 3000,
            "id": "sgr-02c56eadbe22ee4e7",
            "ip_protocol": "tcp",
            "prefix_list_id": null,
            "referenced_security_group_id": null,
            "security_group_id": "sg-0354afd9ce4abd785",
            "security_group_rule_id": "sgr-02c56eadbe22ee4e7",
            "tags": null,
            "tags_all": {},
            "to_port": 3000
          },
          "sensitive_attributes": [],
          "dependencies": [
            "aws_security_group.web-sg",
            "aws_vpc.myvpc"
          ]
        }
      ]
    },
    {
      "mode": "managed",
      "type": "aws_vpc_security_group_ingress_rule",
      "name": "allow_tls_ipv4",
      "provider": "provider[\"registry.terraform.io/hashicorp/aws\"]",
      "instances": [
        {
          "schema_version": 0,
          "attributes": {
            "arn": "arn:aws:ec2:us-east-1:337909736881:security-group-rule/sgr-003b56facf5a2bd66",
            "cidr_ipv4": "0.0.0.0/0",
            "cidr_ipv6": null,
            "description": null,
            "from_port": null,
            "id": "sgr-003b56facf5a2bd66",
            "ip_protocol": "-1",
            "prefix_list_id": null,
            "referenced_security_group_id": null,
            "security_group_id": "sg-0354afd9ce4abd785",
            "security_group_rule_id": "sgr-003b56facf5a2bd66",
            "tags": null,
            "tags_all": {},
            "to_port": null
          },
          "sensitive_attributes": [],
          "dependencies": [
            "aws_security_group.web-sg",
            "aws_vpc.myvpc"
          ]
        }
      ]
    },
    {
      "mode": "managed",
      "type": "local_file",
      "name": "private_key_pem",
      "provider": "provider[\"registry.terraform.io/hashicorp/local\"]",
      "instances": [
        {
          "schema_version": 0,
          "attributes": {
            "content": "-----BEGIN RSA PRIVATE KEY-----\nMIIJKQIBAAKCAgEArG8GTR+e/boc7dr4wuEShWeGJVe5UMFNQV4TqbogGdg32+eF\nZPDXUZ9eVt0V8xM1YizFQMtnRwMKS76PPKo6POlPnjl6keD6rfr4IrOn+4uk/NwR\nztSuOhEtpAa08dCc5vruBCLoUqPJw9+vWW3+3VE5U9O3nZJTmXgvU9lC07DqzATb\nEHqypNLKMC9PVI9EIjHjdJPZeQzC8uTP7t7m1kxa2MlgJ9fAgaZyINuXuIvNhijJ\nzMCpf6SV3czGObupDsfwsFtl6y0cL+sMHzgSRO0FW6vdEYKgz6auxcrTmqj+YDVh\nJ6ji5kNxst/j0HygoucY0Ax7F9n4jl1W9nDdJSsu0BKxc6ElemB/rHYQwErF5qMq\nIUzOfHSnvktShLri65BFbx4QxeNDAa8e/kNyGcSnKKsg+I/Msdc9KCvaEjao4wgA\nX+/ctL3mbslQfpKJBiyXjdPJj7gOpTwNdG5+wskoPZHLl5guKF/T0gwUQcfhpf6N\n9fQbxxI2iNpCVzc0M2uWzy4lPWsKMUzEIB9RZDG+ry3/anq+mK9dzzUByL5wtRol\nYRCQNJc7wEO7ip3EboYVUADZ6+1hSlpj/YRB3HOKSnBuNbE1Yiwc9ycuLhgbljXs\nigyKXLrY67CUBvxwND5gtbe6u4HX+uYz3UOLdzVIieGncSEdTTdIZI6+Lv8CAwEA\nAQKCAgAnvcTthIKvxrPBLC0WOSp8HaKAu8mlr49/J9APV6rrWfZx09feLlXp5Xmo\nOndDGSO+F0R1DQwmBTDbyTUZDcCzZjBn7qZttbUA4S1MTizCoGorrwrZqRHopynm\nOnd8nhBzedTeli8GUOKBJu4yhdPuLTixtcOFaQKkhdsej53DzWwoDlxw3V6L91sL\nJPQ7MHPLD8V1Clheek76DTtROgVo0ZtEiJEFTcf7+aEnKoU6ztnU+FSeQK8wEH5L\n6tSq3LH3iqRR+Raxz6lF7/3QuisXwKrx+FfQn9MxWKDCTF9dr2JFSTg1nEqDOHsd\nd1V5qSeas/l3hdDe6+lJ4oBW9yc4d3GiL0nfrP/JQnt+8lgyG5GsYqjDauNbCID1\nmDgtbO/FQRFnrdiL5qemBzhJuLRt9JwK5JTDWc02Aq+roNT48ghux+0dKkz93aKv\nH/A8eknN1XDs0g/KZGBntPC7kWZU99IscQtPSuI9UUgmWiU2EODR1dSOvStdplfg\n2BB3kNloYrBXQ9nBcNKRG0WHAD7GPUCtRwK86ONwHIE/kIhSv6IG1zBjiRJj+IN5\nnY+eOib+HA6I9uEY7ITdK/5D1BsEKZ+J0TiZ9h8QsD0D3hC9S8mijkKGCTNghFvU\nUvhVe47xXB9n7KgVruaEibXvk2hHaYe97Y3cJnkAwryigGFrPQKCAQEAzqsAYgTR\nJd1cYqChdilQFUyM3QKjHLtEN8gTYEzKe9NUYH0+SYO9mHO8TPVK5nf59hGI++B7\nfW5th/7xA6s45Y0myaEVbfOnNe4TNEQVxXKEqai+nL+X2b7DsqJCvYeTQo9iik2b\ncW+vW/vxLjLQ5ihE8yMiGNO2wwF+uKgI4itBBVx49CQHuu/5CpHPcLmm2Lcf6MA4\nPEvftiX5cCQ634HORTs0lul6+DxAmfuzz2xwcxukJP8KzRiT7FW5Y7nJOZvnpYxV\nY8HPc0NS/OPO3rpOuqf+9VsLWt9DSemQwp+Ji+R8od+OvnW42jprMzwl98YLubLg\nQTkFZeioEM6grQKCAQEA1ZgLtNe8Tg4W2g33YmPQ/USKJe2hDpR86Eq4xT9xiPHp\nDRO59y541f/GWPaCJzApgDstdRtsU1BudmH66cSixrMhu/RgtikDlrBsaydmxFIa\ngr31i2G4aPjOYzNfsABOZSEz2meU6gicZRPxIeLCZPwEb1kW9e5vJEajNBR1895+\nwehOcaWHpDipHzq1ZPagaFgQoJ/7iCBRiYd+A05TSezM7jtnjwQnSd/prQiPhAMP\nA25T/67rB9SwE5xS4g2d8roMtvXsW5G2AP8ykwoa8j94LTWspR0jBmVjcMxm9Pz2\nm9zjc5lBit2GsXPRaSGirnYE86FRxx5m2ur02q4H2wKCAQEAtUUh6deFxyt42/0+\ngdDMsFHbgALPJOVQeYjhDeds9t0utg9EceC+jJh/AhVoo+t58I4C08JbLnKMWeuQ\nZIJrPlTnP5UtoapD8LaoW4CYg/3lRJaA0iXuwAtlxSozVeAzlv8DFIHrpLysWAcM\nzVO/DREnIQeg4ZvZQwPtrXOdjxsXReeNI77ylNHlY5LvG1WLdaxxrYnkCWcXisGW\nHvl4NhC55tl+UBvsQw0+MJGobngTzbLh751QUQKMxI+QM1uClygbL4Z+YyhcmCHm\nCXCbQ5qwcWHm7Df2JreLYqod0cdzMqOveaAHqSDCiY8R9fd86e3o3PF7Z1nnVTKT\nL2K9ZQKCAQAdN9haG6zZrJm5qHFv1yGuk6KmP5RpjyxrBlWyPdSFHDp6HHmy83t6\nIqv6XXY+cBstPGsieubdmsIRlaOiONDfh3+U24AjSwb/pRCfs9sd/fE8c0nUkECO\ns4JgFZYAWHpg4SLbvJGlVho2xXyV2xQmhkcBCFnYuI4hkzweErJz8rq6QdIBP9iH\nQWz5JanMruQQggN8RYY9/9XHj25Qe3VvRmJeMGghKztIosWvct1W/KggGwaIkl/6\nSUDw3dCEtcImgwbcPFXhzNPt3PsJHDfFbaM94/rC93JkHJh2xK9M0hHWDmha1tsd\naOJVAffifsRnQyO4RBgQufrt9XgbNfVDAoIBAQCLDjMn+HFD3khvXdAb92wcvueB\nmkIbauIAHxz4xFhWhpPhizwVC25Ugs2y/JzCuHmxtrMGXD5TbfIt2sfVuv5DOdoQ\nPdjW8rfBGrf5ynTymWJChEOkxAHN9e6XML4jUvRdR+9Zkdbyt6OUvyuhSWipvyFy\nnaiFcBGW6pnAVKR5e5UXB/EBxfzyiZbyg9AmieE66UM1ifB1w8238Hgs1scy96B8\nB8pyqq+x6O9HTWOQP4aCFg9qxGFzSFD986wwVIPMeh8o/SP5mGg138Bpn8BvCzNe\nZkR92gDY8UPa3flF7S8DVodxXHnm8JxhQW1SA03eW5n1xix/ygyjN3mOUxRR\n-----END RSA PRIVATE KEY-----\n",
            "content_base64": null,
            "content_base64sha256": "IctohCjrMY+cO4oif+EemGQ0IYv1L09DDKONoRv18QY=",
            "content_base64sha512": "WUfwophNceuWUg2oNowX6e03GPgCTELbsfesKr/iLVU55oWVOWQeyO7tV9dlwCoEUKkjHjNCjnwL/HZg6YUGDQ==",
            "content_md5": "bca835d8f7d26d3cb619bd03027578bf",
            "content_sha1": "f946843ce53ff67d8dcf6d3c5e20e4fb24385020",
            "content_sha256": "21cb688428eb318f9c3b8a227fe11e986434218bf52f4f430ca38da11bf5f106",
            "content_sha512": "5947f0a2984d71eb96520da8368c17e9ed3718f8024c42dbb1f7ac2abfe22d5539e6859539641ec8eeed57d765c02a0450a9231e33428e7c0bfc7660e985060d",
            "directory_permission": "0777",
            "file_permission": "0600",
            "filename": "./terraform-key.pem",
            "id": "f946843ce53ff67d8dcf6d3c5e20e4fb24385020",
            "sensitive_content": null,
            "source": null
          },
          "sensitive_attributes": [
            [
              {
                "type": "get_attr",
                "value": "content"
              }
            ],
            [
              {
                "type": "get_attr",
                "value": "sensitive_content"
              }
            ]
          ],
          "dependencies": [
            "tls_private_key.example"
          ]
        }
      ]
    },
    {
      "mode": "managed",
      "type": "tls_private_key",
      "name": "example",
      "provider": "provider[\"registry.terraform.io/hashicorp/tls\"]",
      "instances": [
        {
          "schema_version": 1,
          "attributes": {
            "algorithm": "RSA",
            "ecdsa_curve": "P224",
            "id": "4826f8eb51534cfa87a67057e281bdbe05e427c1",
            "private_key_openssh": "-----BEGIN OPENSSH PRIVATE KEY-----\nb3BlbnNzaC1rZXktdjEAAAAABG5vbmUAAAAEbm9uZQAAAAAAAAABAAACFwAAAAdz\nc2gtcnNhAAAAAwEAAQAAAgEArG8GTR+e/boc7dr4wuEShWeGJVe5UMFNQV4Tqbog\nGdg32+eFZPDXUZ9eVt0V8xM1YizFQMtnRwMKS76PPKo6POlPnjl6keD6rfr4IrOn\n+4uk/NwRztSuOhEtpAa08dCc5vruBCLoUqPJw9+vWW3+3VE5U9O3nZJTmXgvU9lC\n07DqzATbEHqypNLKMC9PVI9EIjHjdJPZeQzC8uTP7t7m1kxa2MlgJ9fAgaZyINuX\nuIvNhijJzMCpf6SV3czGObupDsfwsFtl6y0cL+sMHzgSRO0FW6vdEYKgz6auxcrT\nmqj+YDVhJ6ji5kNxst/j0HygoucY0Ax7F9n4jl1W9nDdJSsu0BKxc6ElemB/rHYQ\nwErF5qMqIUzOfHSnvktShLri65BFbx4QxeNDAa8e/kNyGcSnKKsg+I/Msdc9KCva\nEjao4wgAX+/ctL3mbslQfpKJBiyXjdPJj7gOpTwNdG5+wskoPZHLl5guKF/T0gwU\nQcfhpf6N9fQbxxI2iNpCVzc0M2uWzy4lPWsKMUzEIB9RZDG+ry3/anq+mK9dzzUB\nyL5wtRolYRCQNJc7wEO7ip3EboYVUADZ6+1hSlpj/YRB3HOKSnBuNbE1Yiwc9ycu\nLhgbljXsigyKXLrY67CUBvxwND5gtbe6u4HX+uYz3UOLdzVIieGncSEdTTdIZI6+\nLv8AAAc4aI2H82iNh/MAAAAHc3NoLXJzYQAAAgEArG8GTR+e/boc7dr4wuEShWeG\nJVe5UMFNQV4TqbogGdg32+eFZPDXUZ9eVt0V8xM1YizFQMtnRwMKS76PPKo6POlP\nnjl6keD6rfr4IrOn+4uk/NwRztSuOhEtpAa08dCc5vruBCLoUqPJw9+vWW3+3VE5\nU9O3nZJTmXgvU9lC07DqzATbEHqypNLKMC9PVI9EIjHjdJPZeQzC8uTP7t7m1kxa\n2MlgJ9fAgaZyINuXuIvNhijJzMCpf6SV3czGObupDsfwsFtl6y0cL+sMHzgSRO0F\nW6vdEYKgz6auxcrTmqj+YDVhJ6ji5kNxst/j0HygoucY0Ax7F9n4jl1W9nDdJSsu\n0BKxc6ElemB/rHYQwErF5qMqIUzOfHSnvktShLri65BFbx4QxeNDAa8e/kNyGcSn\nKKsg+I/Msdc9KCvaEjao4wgAX+/ctL3mbslQfpKJBiyXjdPJj7gOpTwNdG5+wsko\nPZHLl5guKF/T0gwUQcfhpf6N9fQbxxI2iNpCVzc0M2uWzy4lPWsKMUzEIB9RZDG+\nry3/anq+mK9dzzUByL5wtRolYRCQNJc7wEO7ip3EboYVUADZ6+1hSlpj/YRB3HOK\nSnBuNbE1Yiwc9ycuLhgbljXsigyKXLrY67CUBvxwND5gtbe6u4HX+uYz3UOLdzVI\nieGncSEdTTdIZI6+Lv8AAAADAQABAAACACe9xO2Egq/Gs8EsLRY5KnwdooC7yaWv\nj38n0A9XqutZ9nHT194uVenleag6d0MZI74XRHUNDCYFMNvJNRkNwLNmMGfupm21\ntQDhLUxOLMKgaiuvCtmpEeinKeY6d3yeEHN51N6WLwZQ4oEm7jKF0+4tOLG1w4Vp\nAqSF2x6PncPNbCgOXHDdXov3Wwsk9Dswc8sPxXUKWF56TvoNO1E6BWjRm0SIkQVN\nx/v5oScqhTrO2dT4VJ5ArzAQfkvq1KrcsfeKpFH5FrHPqUXv/dC6KxfAqvH4V9Cf\n0zFYoMJMX12vYkVJODWcSoM4ex13VXmpJ5qz+XeF0N7r6UnigFb3Jzh3caIvSd+s\n/8lCe37yWDIbkaxiqMNq41sIgPWYOC1s78VBEWet2Ivmp6YHOEm4tG30nArklMNZ\nzTYCr6ug1PjyCG7H7R0qTP3doq8f8Dx6Sc3VcOzSD8pkYGe08LuRZlT30ixxC09K\n4j1RSCZaJTYQ4NHV1I69K12mV+DYEHeQ2WhisFdD2cFw0pEbRYcAPsY9QK1HArzo\n43AcgT+QiFK/ogbXMGOJEmP4g3mdj546Jv4cDoj24RjshN0r/kPUGwQpn4nROJn2\nHxCwPQPeEL1LyaKOQoYJM2CEW9RS+FV7jvFcH2fsqBWu5oSJte+TaEdph73tjdwm\neQDCvKKAYWs9AAABAQCLDjMn+HFD3khvXdAb92wcvueBmkIbauIAHxz4xFhWhpPh\nizwVC25Ugs2y/JzCuHmxtrMGXD5TbfIt2sfVuv5DOdoQPdjW8rfBGrf5ynTymWJC\nhEOkxAHN9e6XML4jUvRdR+9Zkdbyt6OUvyuhSWipvyFynaiFcBGW6pnAVKR5e5UX\nB/EBxfzyiZbyg9AmieE66UM1ifB1w8238Hgs1scy96B8B8pyqq+x6O9HTWOQP4aC\nFg9qxGFzSFD986wwVIPMeh8o/SP5mGg138Bpn8BvCzNeZkR92gDY8UPa3flF7S8D\nVodxXHnm8JxhQW1SA03eW5n1xix/ygyjN3mOUxRRAAABAQDOqwBiBNEl3VxioKF2\nKVAVTIzdAqMcu0Q3yBNgTMp701RgfT5Jg72Yc7xM9Urmd/n2EYj74Ht9bm2H/vED\nqzjljSbJoRVt86c17hM0RBXFcoSpqL6cv5fZvsOyokK9h5NCj2KKTZtxb69b+/Eu\nMtDmKETzIyIY07bDAX64qAjiK0EFXHj0JAe67/kKkc9wuabYtx/owDg8S9+2Jflw\nJDrfgc5FOzSW6Xr4PECZ+7PPbHBzG6Qk/wrNGJPsVbljuck5m+eljFVjwc9zQ1L8\n487euk66p/71Wwta30NJ6ZDCn4mL5Hyh346+dbjaOmszPCX3xgu5suBBOQVl6KgQ\nzqCtAAABAQDVmAu017xODhbaDfdiY9D9RIol7aEOlHzoSrjFP3GI8ekNE7n3LnjV\n/8ZY9oInMCmAOy11G2xTUG52YfrpxKLGsyG79GC2KQOWsGxrJ2bEUhqCvfWLYbho\n+M5jM1+wAE5lITPaZ5TqCJxlE/Eh4sJk/ARvWRb17m8kRqM0FHXz3n7B6E5xpYek\nOKkfOrVk9qBoWBCgn/uIIFGJh34DTlNJ7MzuO2ePBCdJ3+mtCI+EAw8DblP/rusH\n1LATnFLiDZ3yugy29exbkbYA/zKTChryP3gtNaylHSMGZWNwzGb0/Pab3ONzmUGK\n3Yaxc9FpIaKudgTzoVHHHmba6vTargfbAAAAAAEC\n-----END OPENSSH PRIVATE KEY-----\n",
            "private_key_pem": "-----BEGIN RSA PRIVATE KEY-----\nMIIJKQIBAAKCAgEArG8GTR+e/boc7dr4wuEShWeGJVe5UMFNQV4TqbogGdg32+eF\nZPDXUZ9eVt0V8xM1YizFQMtnRwMKS76PPKo6POlPnjl6keD6rfr4IrOn+4uk/NwR\nztSuOhEtpAa08dCc5vruBCLoUqPJw9+vWW3+3VE5U9O3nZJTmXgvU9lC07DqzATb\nEHqypNLKMC9PVI9EIjHjdJPZeQzC8uTP7t7m1kxa2MlgJ9fAgaZyINuXuIvNhijJ\nzMCpf6SV3czGObupDsfwsFtl6y0cL+sMHzgSRO0FW6vdEYKgz6auxcrTmqj+YDVh\nJ6ji5kNxst/j0HygoucY0Ax7F9n4jl1W9nDdJSsu0BKxc6ElemB/rHYQwErF5qMq\nIUzOfHSnvktShLri65BFbx4QxeNDAa8e/kNyGcSnKKsg+I/Msdc9KCvaEjao4wgA\nX+/ctL3mbslQfpKJBiyXjdPJj7gOpTwNdG5+wskoPZHLl5guKF/T0gwUQcfhpf6N\n9fQbxxI2iNpCVzc0M2uWzy4lPWsKMUzEIB9RZDG+ry3/anq+mK9dzzUByL5wtRol\nYRCQNJc7wEO7ip3EboYVUADZ6+1hSlpj/YRB3HOKSnBuNbE1Yiwc9ycuLhgbljXs\nigyKXLrY67CUBvxwND5gtbe6u4HX+uYz3UOLdzVIieGncSEdTTdIZI6+Lv8CAwEA\nAQKCAgAnvcTthIKvxrPBLC0WOSp8HaKAu8mlr49/J9APV6rrWfZx09feLlXp5Xmo\nOndDGSO+F0R1DQwmBTDbyTUZDcCzZjBn7qZttbUA4S1MTizCoGorrwrZqRHopynm\nOnd8nhBzedTeli8GUOKBJu4yhdPuLTixtcOFaQKkhdsej53DzWwoDlxw3V6L91sL\nJPQ7MHPLD8V1Clheek76DTtROgVo0ZtEiJEFTcf7+aEnKoU6ztnU+FSeQK8wEH5L\n6tSq3LH3iqRR+Raxz6lF7/3QuisXwKrx+FfQn9MxWKDCTF9dr2JFSTg1nEqDOHsd\nd1V5qSeas/l3hdDe6+lJ4oBW9yc4d3GiL0nfrP/JQnt+8lgyG5GsYqjDauNbCID1\nmDgtbO/FQRFnrdiL5qemBzhJuLRt9JwK5JTDWc02Aq+roNT48ghux+0dKkz93aKv\nH/A8eknN1XDs0g/KZGBntPC7kWZU99IscQtPSuI9UUgmWiU2EODR1dSOvStdplfg\n2BB3kNloYrBXQ9nBcNKRG0WHAD7GPUCtRwK86ONwHIE/kIhSv6IG1zBjiRJj+IN5\nnY+eOib+HA6I9uEY7ITdK/5D1BsEKZ+J0TiZ9h8QsD0D3hC9S8mijkKGCTNghFvU\nUvhVe47xXB9n7KgVruaEibXvk2hHaYe97Y3cJnkAwryigGFrPQKCAQEAzqsAYgTR\nJd1cYqChdilQFUyM3QKjHLtEN8gTYEzKe9NUYH0+SYO9mHO8TPVK5nf59hGI++B7\nfW5th/7xA6s45Y0myaEVbfOnNe4TNEQVxXKEqai+nL+X2b7DsqJCvYeTQo9iik2b\ncW+vW/vxLjLQ5ihE8yMiGNO2wwF+uKgI4itBBVx49CQHuu/5CpHPcLmm2Lcf6MA4\nPEvftiX5cCQ634HORTs0lul6+DxAmfuzz2xwcxukJP8KzRiT7FW5Y7nJOZvnpYxV\nY8HPc0NS/OPO3rpOuqf+9VsLWt9DSemQwp+Ji+R8od+OvnW42jprMzwl98YLubLg\nQTkFZeioEM6grQKCAQEA1ZgLtNe8Tg4W2g33YmPQ/USKJe2hDpR86Eq4xT9xiPHp\nDRO59y541f/GWPaCJzApgDstdRtsU1BudmH66cSixrMhu/RgtikDlrBsaydmxFIa\ngr31i2G4aPjOYzNfsABOZSEz2meU6gicZRPxIeLCZPwEb1kW9e5vJEajNBR1895+\nwehOcaWHpDipHzq1ZPagaFgQoJ/7iCBRiYd+A05TSezM7jtnjwQnSd/prQiPhAMP\nA25T/67rB9SwE5xS4g2d8roMtvXsW5G2AP8ykwoa8j94LTWspR0jBmVjcMxm9Pz2\nm9zjc5lBit2GsXPRaSGirnYE86FRxx5m2ur02q4H2wKCAQEAtUUh6deFxyt42/0+\ngdDMsFHbgALPJOVQeYjhDeds9t0utg9EceC+jJh/AhVoo+t58I4C08JbLnKMWeuQ\nZIJrPlTnP5UtoapD8LaoW4CYg/3lRJaA0iXuwAtlxSozVeAzlv8DFIHrpLysWAcM\nzVO/DREnIQeg4ZvZQwPtrXOdjxsXReeNI77ylNHlY5LvG1WLdaxxrYnkCWcXisGW\nHvl4NhC55tl+UBvsQw0+MJGobngTzbLh751QUQKMxI+QM1uClygbL4Z+YyhcmCHm\nCXCbQ5qwcWHm7Df2JreLYqod0cdzMqOveaAHqSDCiY8R9fd86e3o3PF7Z1nnVTKT\nL2K9ZQKCAQAdN9haG6zZrJm5qHFv1yGuk6KmP5RpjyxrBlWyPdSFHDp6HHmy83t6\nIqv6XXY+cBstPGsieubdmsIRlaOiONDfh3+U24AjSwb/pRCfs9sd/fE8c0nUkECO\ns4JgFZYAWHpg4SLbvJGlVho2xXyV2xQmhkcBCFnYuI4hkzweErJz8rq6QdIBP9iH\nQWz5JanMruQQggN8RYY9/9XHj25Qe3VvRmJeMGghKztIosWvct1W/KggGwaIkl/6\nSUDw3dCEtcImgwbcPFXhzNPt3PsJHDfFbaM94/rC93JkHJh2xK9M0hHWDmha1tsd\naOJVAffifsRnQyO4RBgQufrt9XgbNfVDAoIBAQCLDjMn+HFD3khvXdAb92wcvueB\nmkIbauIAHxz4xFhWhpPhizwVC25Ugs2y/JzCuHmxtrMGXD5TbfIt2sfVuv5DOdoQ\nPdjW8rfBGrf5ynTymWJChEOkxAHN9e6XML4jUvRdR+9Zkdbyt6OUvyuhSWipvyFy\nnaiFcBGW6pnAVKR5e5UXB/EBxfzyiZbyg9AmieE66UM1ifB1w8238Hgs1scy96B8\nB8pyqq+x6O9HTWOQP4aCFg9qxGFzSFD986wwVIPMeh8o/SP5mGg138Bpn8BvCzNe\nZkR92gDY8UPa3flF7S8DVodxXHnm8JxhQW1SA03eW5n1xix/ygyjN3mOUxRR\n-----END RSA PRIVATE KEY-----\n",
            "private_key_pem_pkcs8": "-----BEGIN PRIVATE KEY-----\nMIIJQwIBADANBgkqhkiG9w0BAQEFAASCCS0wggkpAgEAAoICAQCsbwZNH579uhzt\n2vjC4RKFZ4YlV7lQwU1BXhOpuiAZ2Dfb54Vk8NdRn15W3RXzEzViLMVAy2dHAwpL\nvo88qjo86U+eOXqR4Pqt+vgis6f7i6T83BHO1K46ES2kBrTx0Jzm+u4EIuhSo8nD\n369Zbf7dUTlT07edklOZeC9T2ULTsOrMBNsQerKk0sowL09Uj0QiMeN0k9l5DMLy\n5M/u3ubWTFrYyWAn18CBpnIg25e4i82GKMnMwKl/pJXdzMY5u6kOx/CwW2XrLRwv\n6wwfOBJE7QVbq90RgqDPpq7FytOaqP5gNWEnqOLmQ3Gy3+PQfKCi5xjQDHsX2fiO\nXVb2cN0lKy7QErFzoSV6YH+sdhDASsXmoyohTM58dKe+S1KEuuLrkEVvHhDF40MB\nrx7+Q3IZxKcoqyD4j8yx1z0oK9oSNqjjCABf79y0veZuyVB+kokGLJeN08mPuA6l\nPA10bn7CySg9kcuXmC4oX9PSDBRBx+Gl/o319BvHEjaI2kJXNzQza5bPLiU9awox\nTMQgH1FkMb6vLf9qer6Yr13PNQHIvnC1GiVhEJA0lzvAQ7uKncRuhhVQANnr7WFK\nWmP9hEHcc4pKcG41sTViLBz3Jy4uGBuWNeyKDIpcutjrsJQG/HA0PmC1t7q7gdf6\n5jPdQ4t3NUiJ4adxIR1NN0hkjr4u/wIDAQABAoICACe9xO2Egq/Gs8EsLRY5Knwd\nooC7yaWvj38n0A9XqutZ9nHT194uVenleag6d0MZI74XRHUNDCYFMNvJNRkNwLNm\nMGfupm21tQDhLUxOLMKgaiuvCtmpEeinKeY6d3yeEHN51N6WLwZQ4oEm7jKF0+4t\nOLG1w4VpAqSF2x6PncPNbCgOXHDdXov3Wwsk9Dswc8sPxXUKWF56TvoNO1E6BWjR\nm0SIkQVNx/v5oScqhTrO2dT4VJ5ArzAQfkvq1KrcsfeKpFH5FrHPqUXv/dC6KxfA\nqvH4V9Cf0zFYoMJMX12vYkVJODWcSoM4ex13VXmpJ5qz+XeF0N7r6UnigFb3Jzh3\ncaIvSd+s/8lCe37yWDIbkaxiqMNq41sIgPWYOC1s78VBEWet2Ivmp6YHOEm4tG30\nnArklMNZzTYCr6ug1PjyCG7H7R0qTP3doq8f8Dx6Sc3VcOzSD8pkYGe08LuRZlT3\n0ixxC09K4j1RSCZaJTYQ4NHV1I69K12mV+DYEHeQ2WhisFdD2cFw0pEbRYcAPsY9\nQK1HArzo43AcgT+QiFK/ogbXMGOJEmP4g3mdj546Jv4cDoj24RjshN0r/kPUGwQp\nn4nROJn2HxCwPQPeEL1LyaKOQoYJM2CEW9RS+FV7jvFcH2fsqBWu5oSJte+TaEdp\nh73tjdwmeQDCvKKAYWs9AoIBAQDOqwBiBNEl3VxioKF2KVAVTIzdAqMcu0Q3yBNg\nTMp701RgfT5Jg72Yc7xM9Urmd/n2EYj74Ht9bm2H/vEDqzjljSbJoRVt86c17hM0\nRBXFcoSpqL6cv5fZvsOyokK9h5NCj2KKTZtxb69b+/EuMtDmKETzIyIY07bDAX64\nqAjiK0EFXHj0JAe67/kKkc9wuabYtx/owDg8S9+2JflwJDrfgc5FOzSW6Xr4PECZ\n+7PPbHBzG6Qk/wrNGJPsVbljuck5m+eljFVjwc9zQ1L8487euk66p/71Wwta30NJ\n6ZDCn4mL5Hyh346+dbjaOmszPCX3xgu5suBBOQVl6KgQzqCtAoIBAQDVmAu017xO\nDhbaDfdiY9D9RIol7aEOlHzoSrjFP3GI8ekNE7n3LnjV/8ZY9oInMCmAOy11G2xT\nUG52YfrpxKLGsyG79GC2KQOWsGxrJ2bEUhqCvfWLYbho+M5jM1+wAE5lITPaZ5Tq\nCJxlE/Eh4sJk/ARvWRb17m8kRqM0FHXz3n7B6E5xpYekOKkfOrVk9qBoWBCgn/uI\nIFGJh34DTlNJ7MzuO2ePBCdJ3+mtCI+EAw8DblP/rusH1LATnFLiDZ3yugy29exb\nkbYA/zKTChryP3gtNaylHSMGZWNwzGb0/Pab3ONzmUGK3Yaxc9FpIaKudgTzoVHH\nHmba6vTargfbAoIBAQC1RSHp14XHK3jb/T6B0MywUduAAs8k5VB5iOEN52z23S62\nD0Rx4L6MmH8CFWij63nwjgLTwlsucoxZ65Bkgms+VOc/lS2hqkPwtqhbgJiD/eVE\nloDSJe7AC2XFKjNV4DOW/wMUgeukvKxYBwzNU78NESchB6Dhm9lDA+2tc52PGxdF\n540jvvKU0eVjku8bVYt1rHGtieQJZxeKwZYe+Xg2ELnm2X5QG+xDDT4wkahueBPN\nsuHvnVBRAozEj5AzW4KXKBsvhn5jKFyYIeYJcJtDmrBxYebsN/Ymt4tiqh3Rx3My\no695oAepIMKJjxH193zp7ejc8XtnWedVMpMvYr1lAoIBAB032FobrNmsmbmocW/X\nIa6ToqY/lGmPLGsGVbI91IUcOnocebLze3oiq/pddj5wGy08ayJ65t2awhGVo6I4\n0N+Hf5TbgCNLBv+lEJ+z2x398TxzSdSQQI6zgmAVlgBYemDhItu8kaVWGjbFfJXb\nFCaGRwEIWdi4jiGTPB4SsnPyurpB0gE/2IdBbPklqcyu5BCCA3xFhj3/1cePblB7\ndW9GYl4waCErO0iixa9y3Vb8qCAbBoiSX/pJQPDd0IS1wiaDBtw8VeHM0+3c+wkc\nN8Vtoz3j+sL3cmQcmHbEr0zSEdYOaFrW2x1o4lUB9+J+xGdDI7hEGBC5+u31eBs1\n9UMCggEBAIsOMyf4cUPeSG9d0Bv3bBy+54GaQhtq4gAfHPjEWFaGk+GLPBULblSC\nzbL8nMK4ebG2swZcPlNt8i3ax9W6/kM52hA92Nbyt8Eat/nKdPKZYkKEQ6TEAc31\n7pcwviNS9F1H71mR1vK3o5S/K6FJaKm/IXKdqIVwEZbqmcBUpHl7lRcH8QHF/PKJ\nlvKD0CaJ4TrpQzWJ8HXDzbfweCzWxzL3oHwHynKqr7Ho70dNY5A/hoIWD2rEYXNI\nUP3zrDBUg8x6Hyj9I/mYaDXfwGmfwG8LM15mRH3aANjxQ9rd+UXtLwNWh3Fceebw\nnGFBbVIDTd5bmfXGLH/KDKM3eY5TFFE=\n-----END PRIVATE KEY-----\n",
            "public_key_fingerprint_md5": "5e:2f:f9:5b:69:89:de:d1:f4:06:26:be:b5:7e:5a:98",
            "public_key_fingerprint_sha256": "SHA256:DuD9lNhTQ9GwuiRWyB1lJwjf7RNGBUzmtb8zGjuvHks",
            "public_key_openssh": "ssh-rsa AAAAB3NzaC1yc2EAAAADAQABAAACAQCsbwZNH579uhzt2vjC4RKFZ4YlV7lQwU1BXhOpuiAZ2Dfb54Vk8NdRn15W3RXzEzViLMVAy2dHAwpLvo88qjo86U+eOXqR4Pqt+vgis6f7i6T83BHO1K46ES2kBrTx0Jzm+u4EIuhSo8nD369Zbf7dUTlT07edklOZeC9T2ULTsOrMBNsQerKk0sowL09Uj0QiMeN0k9l5DMLy5M/u3ubWTFrYyWAn18CBpnIg25e4i82GKMnMwKl/pJXdzMY5u6kOx/CwW2XrLRwv6wwfOBJE7QVbq90RgqDPpq7FytOaqP5gNWEnqOLmQ3Gy3+PQfKCi5xjQDHsX2fiOXVb2cN0lKy7QErFzoSV6YH+sdhDASsXmoyohTM58dKe+S1KEuuLrkEVvHhDF40MBrx7+Q3IZxKcoqyD4j8yx1z0oK9oSNqjjCABf79y0veZuyVB+kokGLJeN08mPuA6lPA10bn7CySg9kcuXmC4oX9PSDBRBx+Gl/o319BvHEjaI2kJXNzQza5bPLiU9awoxTMQgH1FkMb6vLf9qer6Yr13PNQHIvnC1GiVhEJA0lzvAQ7uKncRuhhVQANnr7WFKWmP9hEHcc4pKcG41sTViLBz3Jy4uGBuWNeyKDIpcutjrsJQG/HA0PmC1t7q7gdf65jPdQ4t3NUiJ4adxIR1NN0hkjr4u/w==\n",
            "public_key_pem": "-----BEGIN PUBLIC KEY-----\nMIICIjANBgkqhkiG9w0BAQEFAAOCAg8AMIICCgKCAgEArG8GTR+e/boc7dr4wuES\nhWeGJVe5UMFNQV4TqbogGdg32+eFZPDXUZ9eVt0V8xM1YizFQMtnRwMKS76PPKo6\nPOlPnjl6keD6rfr4IrOn+4uk/NwRztSuOhEtpAa08dCc5vruBCLoUqPJw9+vWW3+\n3VE5U9O3nZJTmXgvU9lC07DqzATbEHqypNLKMC9PVI9EIjHjdJPZeQzC8uTP7t7m\n1kxa2MlgJ9fAgaZyINuXuIvNhijJzMCpf6SV3czGObupDsfwsFtl6y0cL+sMHzgS\nRO0FW6vdEYKgz6auxcrTmqj+YDVhJ6ji5kNxst/j0HygoucY0Ax7F9n4jl1W9nDd\nJSsu0BKxc6ElemB/rHYQwErF5qMqIUzOfHSnvktShLri65BFbx4QxeNDAa8e/kNy\nGcSnKKsg+I/Msdc9KCvaEjao4wgAX+/ctL3mbslQfpKJBiyXjdPJj7gOpTwNdG5+\nwskoPZHLl5guKF/T0gwUQcfhpf6N9fQbxxI2iNpCVzc0M2uWzy4lPWsKMUzEIB9R\nZDG+ry3/anq+mK9dzzUByL5wtRolYRCQNJc7wEO7ip3EboYVUADZ6+1hSlpj/YRB\n3HOKSnBuNbE1Yiwc9ycuLhgbljXsigyKXLrY67CUBvxwND5gtbe6u4HX+uYz3UOL\ndzVIieGncSEdTTdIZI6+Lv8CAwEAAQ==\n-----END PUBLIC KEY-----\n",
            "rsa_bits": 4096
          },
          "sensitive_attributes": [
            [
              {
                "type": "get_attr",
                "value": "private_key_pem_pkcs8"
              }
            ],
            [
              {
                "type": "get_attr",
                "value": "private_key_openssh"
              }
            ],
            [
              {
                "type": "get_attr",
                "value": "private_key_pem"
              }
            ]
          ]
        }
      ]
    }
  ],
  "check_results": null
}
